# This file is automatically @generated by Cargo.
# It is not intended for manual editing.
version = 4

[[package]]
name = "trpg-agent-runtime"
version = "0.1.0"
dependencies = [
 "trpg-shared-kernel",
]

[[package]]
name = "trpg-api"
version = "0.1.0"
dependencies = [
 "trpg-shared-kernel",
]

[[package]]
name = "trpg-data-eventing"
version = "0.1.0"
dependencies = [
 "trpg-shared-kernel",
]

[[package]]
name = "trpg-domain-core"
version = "0.1.0"
dependencies = [
 "trpg-shared-kernel",
]

[[package]]
name = "trpg-platform"
version = "0.1.0"
dependencies = [
 "trpg-shared-kernel",
]

[[package]]
name = "trpg-ruleset-coc7"
version = "0.1.0"
dependencies = [
 "trpg-shared-kernel",
]

[[package]]
name = "trpg-runtime"
version = "0.1.0"
dependencies = [
 "trpg-shared-kernel",
]

[[package]]
name = "trpg-security-governance"
version = "0.1.0"
dependencies = [
 "trpg-shared-kernel",
]

[[package]]
name = "trpg-shared-kernel"
version = "0.1.0"

[[package]]
name = "trpg-testing"
version = "0.1.0"
dependencies = [
 "trpg-agent-runtime",
 "trpg-shared-kernel",
]
